github.com/elliotchance/c2go v0.26.10 h1:xcmbNZeSELkSi69JcZHFX8ccgCEFZHIZGOBeYlslVRo=
github.com/elliotchance/c2go v0.26.10/go.mod h1:+YFuwnXljn61f5sFHSZ66eH9KTjzzSU6QG1sZdg1l7s=
github.com/gorilla/mux v1.8.0 h1:i40aqfkR1h2SlN9hojwV5ZA91wcXFOvkdNIeFDP5koI=
github.com/gorilla/mux v1.8.0/go.mod h1:DVbg23sWSpFRCP0SfiEN6jmj59UnW/n46BH5rLB71So=
golang.org/x/tools v0.0.0-20181109182537-4e34152f1676/go.mod h1:n7NCudcB/nEzxVGmLbDWY5pfWTLqBcC2KZ6jyYvM4mQ=
golang.org/x/tools v0.1.12 h1:VveCTK38A2rkS8ZqFY25HIDFscX5X9OoEhJd3quQmXU=
golang.org/x/tools v0.1.12/go.mod h1:hNGJHUnrk76NpqgfD5Aqm5Crs+Hm0VOH/i9J2+nxYbc=
